
Microsoft Visual Studio Solution File, Format Version 12.00
# Visual Studio Version 16
VisualStudioVersion = 16.0.34601.136
MinimumVisualStudioVersion = 10.0.40219.1
Project("{FAE04EC0-301F-11D3-BF4B-00C04F79EFBC}") = "LeXuanToan_Lab_3.1", "LeXuanToan_Lab_3.1.csproj", "{80108707-86BA-4C4A-8943-B691E58CD89E}"
EndProject
Project("{FAE04EC0-301F-11D3-BF4B-00C04F79EFBC}") = "LeXuanToan_Lab_3.2", "..\LeXuanToan_Lab_3.2\LeXuanToan_Lab_3.2.csproj", "{72AE3D02-F9C4-4FEF-B464-C65A394A5ABC}"
EndProject
Project("{FAE04EC0-301F-11D3-BF4B-00C04F79EFBC}") = "LeXuanToan_Lab_3.3", "..\LeXuanToan_Lab_3.3\LeXuanToan_Lab_3.3.csproj", "{936C6727-A0DD-4396-B0B1-99862B4C8402}"
EndProject
Global
	GlobalSection(SolutionConfigurationPlatforms) = preSolution
		Debug|Any CPU = Debug|Any CPU
		Release|Any CPU = Release|Any CPU
	EndGlobalSection
	GlobalSection(ProjectConfigurationPlatforms) = postSolution
		{80108707-86BA-4C4A-8943-B691E58CD89E}.Debug|Any CPU.ActiveCfg = Debug|Any CPU
		{80108707-86BA-4C4A-8943-B691E58CD89E}.Debug|Any CPU.Build.0 = Debug|Any CPU
		{80108707-86BA-4C4A-8943-B691E58CD89E}.Release|Any CPU.ActiveCfg = Release|Any CPU
		{80108707-86BA-4C4A-8943-B691E58CD89E}.Release|Any CPU.Build.0 = Release|Any CPU
		{72AE3D02-F9C4-4FEF-B464-C65A394A5ABC}.Debug|Any CPU.ActiveCfg = Debug|Any CPU
		{72AE3D02-F9C4-4FEF-B464-C65A394A5ABC}.Debug|Any CPU.Build.0 = Debug|Any CPU
		{72AE3D02-F9C4-4FEF-B464-C65A394A5ABC}.Release|Any CPU.ActiveCfg = Release|Any CPU
		{72AE3D02-F9C4-4FEF-B464-C65A394A5ABC}.Release|Any CPU.Build.0 = Release|Any CPU
		{936C6727-A0DD-4396-B0B1-99862B4C8402}.Debug|Any CPU.ActiveCfg = Debug|Any CPU
		{936C6727-A0DD-4396-B0B1-99862B4C8402}.Debug|Any CPU.Build.0 = Debug|Any CPU
		{936C6727-A0DD-4396-B0B1-99862B4C8402}.Release|Any CPU.ActiveCfg = Release|Any CPU
		{936C6727-A0DD-4396-B0B1-99862B4C8402}.Release|Any CPU.Build.0 = Release|Any CPU
	EndGlobalSection
	GlobalSection(SolutionProperties) = preSolution
		HideSolutionNode = FALSE
	EndGlobalSection
	GlobalSection(ExtensibilityGlobals) = postSolution
		SolutionGuid = {89160952-3BC8-4F85-969D-4AB705E73A07}
	EndGlobalSection
EndGlobal
